
Microsoft Visual Studio Solution File, Format Version 12.00
# Visual Studio Version 16
VisualStudioVersion = 16.0.29306.81
MinimumVisualStudioVersion = 10.0.40219.1
Project("{8BC9CEB8-8B4A-11D0-8D11-00A0C91BC942}") = "AzureSphereBlink1", "AzureSphereBlink1\AzureSphereBlink1.vcxproj", "{5BD4B29A-E65E-4024-AC2D-6D28E755F9CC}"
EndProject
Project("{2150E333-8FDC-42A3-9474-1A3956D46DE8}") = "Solution Items", "Solution Items", "{C4AC95BE-AC26-4877-9D36-42F257C61230}"
EndProject
Project("{8BC9CEB8-8B4A-11D0-8D11-00A0C91BC942}") = "AnomalyDetection", "AnomalyDetection\AnomalyDetection.vcxproj", "{74BC727B-6B7D-48E1-B600-6296320BC17E}"
EndProject
Project("{8BC9CEB8-8B4A-11D0-8D11-00A0C91BC942}") = "ClickLib", "..\ClickLib\ClickLib.vcxproj", "{8A4B3C2D-3514-4F81-8E6A-A869DE31EC07}"
EndProject
Global
	GlobalSection(SolutionConfigurationPlatforms) = preSolution
		Debug|ARM = Debug|ARM
		Debug|x64 = Debug|x64
		Debug|x86 = Debug|x86
		Release|ARM = Release|ARM
		Release|x64 = Release|x64
		Release|x86 = Release|x86
	EndGlobalSection
	GlobalSection(ProjectConfigurationPlatforms) = postSolution
		{5BD4B29A-E65E-4024-AC2D-6D28E755F9CC}.Debug|ARM.ActiveCfg = Debug|ARM
		{5BD4B29A-E65E-4024-AC2D-6D28E755F9CC}.Debug|ARM.Build.0 = Debug|ARM
		{5BD4B29A-E65E-4024-AC2D-6D28E755F9CC}.Debug|x64.ActiveCfg = Debug|ARM
		{5BD4B29A-E65E-4024-AC2D-6D28E755F9CC}.Debug|x86.ActiveCfg = Debug|ARM
		{5BD4B29A-E65E-4024-AC2D-6D28E755F9CC}.Release|ARM.ActiveCfg = Release|ARM
		{5BD4B29A-E65E-4024-AC2D-6D28E755F9CC}.Release|ARM.Build.0 = Release|ARM
		{5BD4B29A-E65E-4024-AC2D-6D28E755F9CC}.Release|x64.ActiveCfg = Release|ARM
		{5BD4B29A-E65E-4024-AC2D-6D28E755F9CC}.Release|x86.ActiveCfg = Release|ARM
		{74BC727B-6B7D-48E1-B600-6296320BC17E}.Debug|ARM.ActiveCfg = Debug|ARM
		{74BC727B-6B7D-48E1-B600-6296320BC17E}.Debug|ARM.Build.0 = Debug|ARM
		{74BC727B-6B7D-48E1-B600-6296320BC17E}.Debug|x64.ActiveCfg = Debug|ARM
		{74BC727B-6B7D-48E1-B600-6296320BC17E}.Debug|x86.ActiveCfg = Debug|ARM
		{74BC727B-6B7D-48E1-B600-6296320BC17E}.Release|ARM.ActiveCfg = Release|ARM
		{74BC727B-6B7D-48E1-B600-6296320BC17E}.Release|ARM.Build.0 = Release|ARM
		{74BC727B-6B7D-48E1-B600-6296320BC17E}.Release|x64.ActiveCfg = Release|ARM
		{74BC727B-6B7D-48E1-B600-6296320BC17E}.Release|x86.ActiveCfg = Release|ARM
		{8A4B3C2D-3514-4F81-8E6A-A869DE31EC07}.Debug|ARM.ActiveCfg = Debug|ARM
		{8A4B3C2D-3514-4F81-8E6A-A869DE31EC07}.Debug|ARM.Build.0 = Debug|ARM
		{8A4B3C2D-3514-4F81-8E6A-A869DE31EC07}.Debug|x64.ActiveCfg = Debug|ARM
		{8A4B3C2D-3514-4F81-8E6A-A869DE31EC07}.Debug|x86.ActiveCfg = Debug|ARM
		{8A4B3C2D-3514-4F81-8E6A-A869DE31EC07}.Release|ARM.ActiveCfg = Release|ARM
		{8A4B3C2D-3514-4F81-8E6A-A869DE31EC07}.Release|ARM.Build.0 = Release|ARM
		{8A4B3C2D-3514-4F81-8E6A-A869DE31EC07}.Release|x64.ActiveCfg = Release|ARM
		{8A4B3C2D-3514-4F81-8E6A-A869DE31EC07}.Release|x86.ActiveCfg = Release|ARM
	EndGlobalSection
	GlobalSection(SolutionProperties) = preSolution
		HideSolutionNode = FALSE
	EndGlobalSection
	GlobalSection(ExtensibilityGlobals) = postSolution
		SolutionGuid = {E48DFA9C-552D-4B6A-B07B-F10609A588E3}
	EndGlobalSection
EndGlobal
